
Microsoft Visual Studio Solution File, Format Version 12.00
# Visual Studio 15
VisualStudioVersion = 15.0.27130.2036
MinimumVisualStudioVersion = 10.0.40219.1
Project("{FAE04EC0-301F-11D3-BF4B-00C04F79EFBC}") = "Foodtruck.TelasDudu", "Foodtruck.TelasDudu\Foodtruck.TelasDudu.csproj", "{51FF4EA8-C235-4F0B-B8C8-0BBF22093FB3}"
EndProject
Global
	GlobalSection(SolutionConfigurationPlatforms) = preSolution
		Debug|Any CPU = Debug|Any CPU
		Release|Any CPU = Release|Any CPU
	EndGlobalSection
	GlobalSection(ProjectConfigurationPlatforms) = postSolution
		{51FF4EA8-C235-4F0B-B8C8-0BBF22093FB3}.Debug|Any CPU.ActiveCfg = Debug|Any CPU
		{51FF4EA8-C235-4F0B-B8C8-0BBF22093FB3}.Debug|Any CPU.Build.0 = Debug|Any CPU
		{51FF4EA8-C235-4F0B-B8C8-0BBF22093FB3}.Release|Any CPU.ActiveCfg = Release|Any CPU
		{51FF4EA8-C235-4F0B-B8C8-0BBF22093FB3}.Release|Any CPU.Build.0 = Release|Any CPU
	EndGlobalSection
	GlobalSection(SolutionProperties) = preSolution
		HideSolutionNode = FALSE
	EndGlobalSection
	GlobalSection(ExtensibilityGlobals) = postSolution
		SolutionGuid = {142F8ECE-8193-4CE0-A2CB-DF2F700AB65E}
	EndGlobalSection
EndGlobal
